{
  "name": "etalon",
  "version": "1.0.0",
  "lockfileVersion": 3,
  "requires": true,
  "packages": {
    "cloud/web": {
      "version": "0.9.0",
      "extraneous": true,
      "dependencies": {
        "@supabase/ssr": "^0.8.0",
        "@supabase/supabase-js": "^2.95.3",
        "class-variance-authority": "^0.7.1",
        "clsx": "^2.1.1",
        "framer-motion": "^12.34.0",
        "ipaddr.js": "^2.3.0",
        "lucide-react": "^0.563.0",
        "next": "16.1.6",
        "next-themes": "^0.4.6",
        "posthog-js": "^1.345.3",
        "radix-ui": "^1.4.3",
        "react": "19.2.3",
        "react-dom": "19.2.3",
        "sonner": "^2.0.7",
        "tailwind-merge": "^3.4.0"
      },
      "devDependencies": {
        "@tailwindcss/postcss": "^4",
        "@types/node": "^20",
        "@types/react": "^19",
        "@types/react-dom": "^19",
        "eslint": "^9",
        "eslint-config-next": "16.1.6",
        "shadcn": "^3.8.4",
        "tailwindcss": "^4",
        "tw-animate-css": "^1.4.0",
        "typescript": "^5"
      }
    },
    "cloud/worker": {
      "name": "etalon-worker",
      "version": "1.0.0",
      "extraneous": true,
      "dependencies": {
        "@supabase/supabase-js": "^2.49.0",
        "playwright": "^1.50.0"
      },
      "devDependencies": {
        "@types/node": "^22.0.0",
        "tsx": "^4.19.0",
        "typescript": "^5.7.0"
      }
    },
    "packages/cli": {
      "name": "@etalon/cli",
      "version": "1.1.0",
      "extraneous": true,
      "hasInstallScript": true,
      "license": "MIT",
      "dependencies": {
        "@etalon/core": "^1.0.2",
        "chalk": "^5.3.0",
        "commander": "^12.0.0",
        "ora": "^8.0.0",
        "playwright": "^1.42.0",
        "yaml": "^2.3.0"
      },
      "bin": {
        "etalon": "dist/index.js"
      },
      "devDependencies": {
        "tsx": "^4.21.0"
      }
    },
    "packages/core": {
      "name": "@etalon/core",
      "version": "1.0.2",
      "extraneous": true,
      "license": "MIT",
      "dependencies": {
        "@babel/generator": "^7.29.1",
        "@babel/parser": "^7.29.0",
        "@babel/traverse": "^7.29.0",
        "@babel/types": "^7.29.0",
        "yaml": "^2.8.2"
      },
      "devDependencies": {
        "@types/babel__generator": "^7.27.0",
        "@types/babel__parser": "^7.0.0",
        "@types/babel__traverse": "^7.28.0"
      }
    },
    "packages/mcp-server": {
      "name": "@etalon/mcp-server",
      "version": "1.0.0",
      "extraneous": true,
      "license": "MIT",
      "dependencies": {
        "@etalon/core": "*",
        "@modelcontextprotocol/sdk": "^1.0.0"
      },
      "bin": {
        "etalon-mcp-server": "dist/index.js"
      }
    }
  }
}
